
Microsoft Visual Studio Solution File, Format Version 12.00
# Visual Studio Version 17
VisualStudioVersion = 17.5.33516.290
MinimumVisualStudioVersion = 10.0.40219.1
Project("{8BC9CEB8-8B4A-11D0-8D11-00A0C91BC942}") = "TCDR", "TCDR.vcxproj", "{E2BF3B0E-DEB6-4D91-8EB4-FB48168C7015}"
EndProject
Global
	GlobalSection(SolutionConfigurationPlatforms) = preSolution
		Debug - Basic|x64 = Debug - Basic|x64
		Debug - DMA|x64 = Debug - DMA|x64
		Debug - Driver|x64 = Debug - Driver|x64
		Release - Basic|x64 = Release - Basic|x64
		Release - DMA|x64 = Release - DMA|x64
		Release - Driver|x64 = Release - Driver|x64
	EndGlobalSection
	GlobalSection(ProjectConfigurationPlatforms) = postSolution
		{E2BF3B0E-DEB6-4D91-8EB4-FB48168C7015}.Debug - Basic|x64.ActiveCfg = Debug - Basic|x64
		{E2BF3B0E-DEB6-4D91-8EB4-FB48168C7015}.Debug - Basic|x64.Build.0 = Debug - Basic|x64
		{E2BF3B0E-DEB6-4D91-8EB4-FB48168C7015}.Debug - DMA|x64.ActiveCfg = Debug - DMA|x64
		{E2BF3B0E-DEB6-4D91-8EB4-FB48168C7015}.Debug - DMA|x64.Build.0 = Debug - DMA|x64
		{E2BF3B0E-DEB6-4D91-8EB4-FB48168C7015}.Debug - Driver|x64.ActiveCfg = Debug - Driver|x64
		{E2BF3B0E-DEB6-4D91-8EB4-FB48168C7015}.Debug - Driver|x64.Build.0 = Debug - Driver|x64
		{E2BF3B0E-DEB6-4D91-8EB4-FB48168C7015}.Release - Basic|x64.ActiveCfg = Release - Basic|x64
		{E2BF3B0E-DEB6-4D91-8EB4-FB48168C7015}.Release - Basic|x64.Build.0 = Release - Basic|x64
		{E2BF3B0E-DEB6-4D91-8EB4-FB48168C7015}.Release - DMA|x64.ActiveCfg = Release - DMA|x64
		{E2BF3B0E-DEB6-4D91-8EB4-FB48168C7015}.Release - DMA|x64.Build.0 = Release - DMA|x64
		{E2BF3B0E-DEB6-4D91-8EB4-FB48168C7015}.Release - Driver|x64.ActiveCfg = Release - Driver|x64
		{E2BF3B0E-DEB6-4D91-8EB4-FB48168C7015}.Release - Driver|x64.Build.0 = Release - Driver|x64
	EndGlobalSection
	GlobalSection(SolutionProperties) = preSolution
		HideSolutionNode = FALSE
	EndGlobalSection
	GlobalSection(ExtensibilityGlobals) = postSolution
		SolutionGuid = {C3B66484-2D49-47CA-908C-E139FE542866}
	EndGlobalSection
EndGlobal
